Microsoft Visual Studio Solution File, Format Version 12.00
# Visual Studio Version 17
VisualStudioVersion = 17.5.2.0
MinimumVisualStudioVersion = 10.0.40219.1
Project("{FAE04EC0-301F-11D3-BF4B-00C04F79EFBC}") = "dbAdo", "dbAdo.csproj", "{F5F97ECE-49A2-05F3-B22A-41B552521420}"
EndProject
Global
	GlobalSection(SolutionConfigurationPlatforms) = preSolution
		Debug|Any CPU = Debug|Any CPU
		Release|Any CPU = Release|Any CPU
	EndGlobalSection
	GlobalSection(ProjectConfigurationPlatforms) = postSolution
		{F5F97ECE-49A2-05F3-B22A-41B552521420}.Debug|Any CPU.ActiveCfg = Debug|Any CPU
		{F5F97ECE-49A2-05F3-B22A-41B552521420}.Debug|Any CPU.Build.0 = Debug|Any CPU
		{F5F97ECE-49A2-05F3-B22A-41B552521420}.Release|Any CPU.ActiveCfg = Release|Any CPU
		{F5F97ECE-49A2-05F3-B22A-41B552521420}.Release|Any CPU.Build.0 = Release|Any CPU
	EndGlobalSection
	GlobalSection(SolutionProperties) = preSolution
		HideSolutionNode = FALSE
	EndGlobalSection
	GlobalSection(ExtensibilityGlobals) = postSolution
		SolutionGuid = {2826FB38-079D-4435-BD5F-4393A0F7A96E}
	EndGlobalSection
EndGlobal
